// !$*UTF8*$!
{
	archiveVersion = 1;
	classes = {
	};
	objectVersion = 46;
	objects = {

/* Begin PBXBuildFile section */
		28CAE7AC1D3CBEB200BB4E6F /* main.m in Sources */ = {isa = PBXBuildFile; fileRef = 28CAE7AB1D3CBEB200BB4E6F /* main.m */; };
		28CAE7AF1D3CBEB200BB4E6F /* AppDelegate.m in Sources */ = {isa = PBXBuildFile; fileRef = 28CAE7AE1D3CBEB200BB4E6F /* AppDelegate.m */; };
		28CAE7B21D3CBEB200BB4E6F /* ViewController.m in Sources */ = {isa = PBXBuildFile; fileRef = 28CAE7B11D3CBEB200BB4E6F /* ViewController.m */; };
		28CAE7B51D3CBEB200BB4E6F /* Main.storyboard in Resources */ = {isa = PBXBuildFile; fileRef = 28CAE7B31D3CBEB200BB4E6F /* Main.storyboard */; };
		28CAE7B71D3CBEB200BB4E6F /* Assets.xcassets in Resources */ = {isa = PBXBuildFile; fileRef = 28CAE7B61D3CBEB200BB4E6F /* Assets.xcassets */; };
		28CAE7BA1D3CBEB200BB4E6F /* LaunchScreen.storyboard in Resources */ = {isa = PBXBuildFile; fileRef = 28CAE7B81D3CBEB200BB4E6F /* LaunchScreen.storyboard */; };
		28CAE7C51D3CBEB300BB4E6F /* Demo_RuntimeExchangeMethodTests.m in Sources */ = {isa = PBXBuildFile; fileRef = 28CAE7C41D3CBEB300BB4E6F /* Demo_RuntimeExchangeMethodTests.m */; };
		28CAE7D01D3CBEB300BB4E6F /* Demo_RuntimeExchangeMethodUITests.m in Sources */ = {isa = PBXBuildFile; fileRef = 28CAE7CF1D3CBEB300BB4E6F /* Demo_RuntimeExchangeMethodUITests.m */; };
		28CAE7DF1D3CBEE900BB4E6F /* FirstViewController.m in Sources */ = {isa = PBXBuildFile; fileRef = 28CAE7DE1D3CBEE900BB4E6F /* FirstViewController.m */; };
		28CAE7E61D3CBF6100BB4E6F /* UIViewController+viewDidLoad.m in Sources */ = {isa = PBXBuildFile; fileRef = 28CAE7E51D3CBF6100BB4E6F /* UIViewController+viewDidLoad.m */; };
/* End PBXBuildFile section */

/* Begin PBXContainerItemProxy section */
		28CAE7C11D3CBEB300BB4E6F /* PBXContainerItemProxy */ = {
			isa = PBXContainerItemProxy;
			containerPortal = 28CAE79F1D3CBEB200BB4E6F /* Project object */;
			proxyType = 1;
			remoteGlobalIDString = 28CAE7A61D3CBEB200BB4E6F;
			remoteInfo = Demo_RuntimeExchangeMethod;
		};
		28CAE7CC1D3CBEB300BB4E6F /* PBXContainerItemProxy */ = {
			isa = PBXContainerItemProxy;
			containerPortal = 28CAE79F1D3CBEB200BB4E6F /* Project object */;
			proxyType = 1;
			remoteGlobalIDString = 28CAE7A61D3CBEB200BB4E6F;
			remoteInfo = Demo_RuntimeExchangeMethod;
		};
/* End PBXContainerItemProxy section */

/* Begin PBXFileReference section */
		28CAE7A71D3CBEB200BB4E6F /* Demo_RuntimeExchangeMethod.app */ = {isa = PBXFileReference; explicitFileType = wrapper.application; includeInIndex = 0; path = Demo_RuntimeExchangeMethod.app; sourceTree = BUILT_PRODUCTS_DIR; };
		28CAE7AB1D3CBEB200BB4E6F /* main.m */ = {isa = PBXFileReference; lastKnownFileType = sourcecode.c.objc; path = main.m; sourceTree = "<group>"; };
		28CAE7AD1D3CBEB200BB4E6F /* AppDelegate.h */ = {isa = PBXFileReference; lastKnownFileType = sourcecode.c.h; path = AppDelegate.h; sourceTree = "<group>"; };
		28CAE7AE1D3CBEB200BB4E6F /* AppDelegate.m */ = {isa = PBXFileReference; lastKnownFileType = sourcecode.c.objc; path = AppDelegate.m; sourceTree = "<group>"; };
		28CAE7B01D3CBEB200BB4E6F /* ViewController.h */ = {isa = PBXFileReference; lastKnownFileType = sourcecode.c.h; path = ViewController.h; sourceTree = "<group>"; };
		28CAE7B11D3CBEB200BB4E6F /* ViewController.m */ = {isa = PBXFileReference; lastKnownFileType = sourcecode.c.objc; path = ViewController.m; sourceTree = "<group>"; };
		28CAE7B41D3CBEB200BB4E6F /* Base */ = {isa = PBXFileReference; lastKnownFileType = file.storyboard; name = Base; path = Base.lproj/Main.storyboard; sourceTree = "<group>"; };
		28CAE7B61D3CBEB200BB4E6F /* Assets.xcassets */ = {isa = PBXFileReference; lastKnownFileType = folder.assetcatalog; path = Assets.xcassets; sourceTree = "<group>"; };
		28CAE7B91D3CBEB200BB4E6F /* Base */ = {isa = PBXFileReference; lastKnownFileType = file.storyboard; name = Base; path = Base.lproj/LaunchScreen.storyboard; sourceTree = "<group>"; };
		28CAE7BB1D3CBEB200BB4E6F /* Info.plist */ = {isa = PBXFileReference; lastKnownFileType = text.plist.xml; path = Info.plist; sourceTree = "<group>"; };
		28CAE7C01D3CBEB300BB4E6F /* Demo_RuntimeExchangeMethodTests.xctest */ = {isa = PBXFileReference; explicitFileType = wrapper.cfbundle; includeInIndex = 0; path = Demo_RuntimeExchangeMethodTests.xctest; sourceTree = BUILT_PRODUCTS_DIR; };
		28CAE7C41D3CBEB300BB4E6F /* Demo_RuntimeExchangeMethodTests.m */ = {isa = PBXFileReference; lastKnownFileType = sourcecode.c.objc; path = Demo_RuntimeExchangeMethodTests.m; sourceTree = "<group>"; };
		28CAE7C61D3CBEB300BB4E6F /* Info.plist */ = {isa = PBXFileReference; lastKnownFileType = text.plist.xml; path = Info.plist; sourceTree = "<group>"; };
		28CAE7CB1D3CBEB300BB4E6F /* Demo_RuntimeExchangeMethodUITests.xctest */ = {isa = PBXFileReference; explicitFileType = wrapper.cfbundle; includeInIndex = 0; path = Demo_RuntimeExchangeMethodUITests.xctest; sourceTree = BUILT_PRODUCTS_DIR; };
		28CAE7CF1D3CBEB300BB4E6F /* Demo_RuntimeExchangeMethodUITests.m */ = {isa = PBXFileReference; lastKnownFileType = sourcecode.c.objc; path = Demo_RuntimeExchangeMethodUITests.m; sourceTree = "<group>"; };
		28CAE7D11D3CBEB300BB4E6F /* Info.plist */ = {isa = PBXFileReference; lastKnownFileType = text.plist.xml; path = Info.plist; sourceTree = "<group>"; };
		28CAE7DD1D3CBEE900BB4E6F /* FirstViewController.h */ = {isa = PBXFileReference; fileEncoding = 4; lastKnownFileType = sourcecode.c.h; path = FirstViewController.h; sourceTree = "<group>"; };
		28CAE7DE1D3CBEE900BB4E6F /* FirstViewController.m */ = {isa = PBXFileReference; fileEncoding = 4; lastKnownFileType = sourcecode.c.objc; path = FirstViewController.m; sourceTree = "<group>"; };
		28CAE7E41D3CBF6100BB4E6F /* UIViewController+viewDidLoad.h */ = {isa = PBXFileReference; fileEncoding = 4; lastKnownFileType = sourcecode.c.h; path = "UIViewController+viewDidLoad.h"; sourceTree = "<group>"; };
		28CAE7E51D3CBF6100BB4E6F /* UIViewController+viewDidLoad.m */ = {isa = PBXFileReference; fileEncoding = 4; lastKnownFileType = sourcecode.c.objc; path = "UIViewController+viewDidLoad.m"; sourceTree = "<group>"; };
/* End PBXFileReference section */

/* Begin PBXFrameworksBuildPhase section */
		28CAE7A41D3CBEB200BB4E6F /* Frameworks */ = {
			isa = PBXFrameworksBuildPhase;
			buildActionMask = 2147483647;
			files = (
			);
			runOnlyForDeploymentPostprocessing = 0;
		};
		28CAE7BD1D3CBEB300BB4E6F /* Frameworks */ = {
			isa = PBXFrameworksBuildPhase;
			buildActionMask = 2147483647;
			files = (
			);
			runOnlyForDeploymentPostprocessing = 0;
		};
		28CAE7C81D3CBEB300BB4E6F /* Frameworks */ = {
			isa = PBXFrameworksBuildPhase;
			buildActionMask = 2147483647;
			files = (
			);
			runOnlyForDeploymentPostprocessing = 0;
		};
/* End PBXFrameworksBuildPhase section */

/* Begin PBXGroup section */
		28CAE79E1D3CBEB200BB4E6F = {
			isa = PBXGroup;
			children = (
				28CAE7A91D3CBEB200BB4E6F /* Demo_RuntimeExchangeMethod */,
				28CAE7C31D3CBEB300BB4E6F /* Demo_RuntimeExchangeMethodTests */,
				28CAE7CE1D3CBEB300BB4E6F /* Demo_RuntimeExchangeMethodUITests */,
				28CAE7A81D3CBEB200BB4E6F /* Products */,
			);
			sourceTree = "<group>";
		};
		28CAE7A81D3CBEB200BB4E6F /* Products */ = {
			isa = PBXGroup;
			children = (
				28CAE7A71D3CBEB200BB4E6F /* Demo_RuntimeExchangeMethod.app */,
				28CAE7C01D3CBEB300BB4E6F /* Demo_RuntimeExchangeMethodTests.xctest */,
				28CAE7CB1D3CBEB300BB4E6F /* Demo_RuntimeExchangeMethodUITests.xctest */,
			);
			name = Products;
			sourceTree = "<group>";
		};
		28CAE7A91D3CBEB200BB4E6F /* Demo_RuntimeExchangeMethod */ = {
			isa = PBXGroup;
			children = (
				28CAE7E01D3CBF2600BB4E6F /* Controller_Category */,
				28CAE7AD1D3CBEB200BB4E6F /* AppDelegate.h */,
				28CAE7AE1D3CBEB200BB4E6F /* AppDelegate.m */,
				28CAE7B01D3CBEB200BB4E6F /* ViewController.h */,
				28CAE7B11D3CBEB200BB4E6F /* ViewController.m */,
				28CAE7DD1D3CBEE900BB4E6F /* FirstViewController.h */,
				28CAE7DE1D3CBEE900BB4E6F /* FirstViewController.m */,
				28CAE7B31D3CBEB200BB4E6F /* Main.storyboard */,
				28CAE7B61D3CBEB200BB4E6F /* Assets.xcassets */,
				28CAE7B81D3CBEB200BB4E6F /* LaunchScreen.storyboard */,
				28CAE7BB1D3CBEB200BB4E6F /* Info.plist */,
				28CAE7AA1D3CBEB200BB4E6F /* Supporting Files */,
			);
			path = Demo_RuntimeExchangeMethod;
			sourceTree = "<group>";
		};
		28CAE7AA1D3CBEB200BB4E6F /* Supporting Files */ = {
			isa = PBXGroup;
			children = (
				28CAE7AB1D3CBEB200BB4E6F /* main.m */,
			);
			name = "Supporting Files";
			sourceTree = "<group>";
		};
		28CAE7C31D3CBEB300BB4E6F /* Demo_RuntimeExchangeMethodTests */ = {
			isa = PBXGroup;
			children = (
				28CAE7C41D3CBEB300BB4E6F /* Demo_RuntimeExchangeMethodTests.m */,
				28CAE7C61D3CBEB300BB4E6F /* Info.plist */,
			);
			path = Demo_RuntimeExchangeMethodTests;
			sourceTree = "<group>";
		};
		28CAE7CE1D3CBEB300BB4E6F /* Demo_RuntimeExchangeMethodUITests */ = {
			isa = PBXGroup;
			children = (
				28CAE7CF1D3CBEB300BB4E6F /* Demo_RuntimeExchangeMethodUITests.m */,
				28CAE7D11D3CBEB300BB4E6F /* Info.plist */,
			);
			path = Demo_RuntimeExchangeMethodUITests;
			sourceTree = "<group>";
		};
		28CAE7E01D3CBF2600BB4E6F /* Controller_Category */ = {
			isa = PBXGroup;
			children = (
				28CAE7E41D3CBF6100BB4E6F /* UIViewController+viewDidLoad.h */,
				28CAE7E51D3CBF6100BB4E6F /* UIViewController+viewDidLoad.m */,
			);
			path = Controller_Category;
			sourceTree = "<group>";
		};
/* End PBXGroup section */

/* Begin PBXNativeTarget section */
		28CAE7A61D3CBEB200BB4E6F /* Demo_RuntimeExchangeMethod */ = {
			isa = PBXNativeTarget;
			buildConfigurationList = 28CAE7D41D3CBEB300BB4E6F /* Build configuration list for PBXNativeTarget "Demo_RuntimeExchangeMethod" */;
			buildPhases = (
				28CAE7A31D3CBEB200BB4E6F /* Sources */,
				28CAE7A41D3CBEB200BB4E6F /* Frameworks */,
				28CAE7A51D3CBEB200BB4E6F /* Resources */,
			);
			buildRules = (
			);
			dependencies = (
			);
			name = Demo_RuntimeExchangeMethod;
			productName = Demo_RuntimeExchangeMethod;
			productReference = 28CAE7A71D3CBEB200BB4E6F /* Demo_RuntimeExchangeMethod.app */;
			productType = "com.apple.product-type.application";
		};
		28CAE7BF1D3CBEB300BB4E6F /* Demo_RuntimeExchangeMethodTests */ = {
			isa = PBXNativeTarget;
			buildConfigurationList = 28CAE7D71D3CBEB300BB4E6F /* Build configuration list for PBXNativeTarget "Demo_RuntimeExchangeMethodTests" */;
			buildPhases = (
				28CAE7BC1D3CBEB300BB4E6F /* Sources */,
				28CAE7BD1D3CBEB300BB4E6F /* Frameworks */,
				28CAE7BE1D3CBEB300BB4E6F /* Resources */,
			);
			buildRules = (
			);
			dependencies = (
				28CAE7C21D3CBEB300BB4E6F /* PBXTargetDependency */,
			);
			name = Demo_RuntimeExchangeMethodTests;
			productName = Demo_RuntimeExchangeMethodTests;
			productReference = 28CAE7C01D3CBEB300BB4E6F /* Demo_RuntimeExchangeMethodTests.xctest */;
			productType = "com.apple.product-type.bundle.unit-test";
		};
		28CAE7CA1D3CBEB300BB4E6F /* Demo_RuntimeExchangeMethodUITests */ = {
			isa = PBXNativeTarget;
			buildConfigurationList = 28CAE7DA1D3CBEB300BB4E6F /* Build configuration list for PBXNativeTarget "Demo_RuntimeExchangeMethodUITests" */;
			buildPhases = (
				28CAE7C71D3CBEB300BB4E6F /* Sources */,
				28CAE7C81D3CBEB300BB4E6F /* Frameworks */,
				28CAE7C91D3CBEB300BB4E6F /* Resources */,
			);
			buildRules = (
			);
			dependencies = (
				28CAE7CD1D3CBEB300BB4E6F /* PBXTargetDependency */,
			);
			name = Demo_RuntimeExchangeMethodUITests;
			productName = Demo_RuntimeExchangeMethodUITests;
			productReference = 28CAE7CB1D3CBEB300BB4E6F /* Demo_RuntimeExchangeMethodUITests.xctest */;
			productType = "com.apple.product-type.bundle.ui-testing";
		};
/* End PBXNativeTarget section */

/* Begin PBXProject section */
		28CAE79F1D3CBEB200BB4E6F /* Project object */ = {
			isa = PBXProject;
			attributes = {
				LastUpgradeCheck = 0730;
				ORGANIZATIONNAME = Hanrovey;
				TargetAttributes = {
					28CAE7A61D3CBEB200BB4E6F = {
						CreatedOnToolsVersion = 7.3;
					};
					28CAE7BF1D3CBEB300BB4E6F = {
						CreatedOnToolsVersion = 7.3;
						TestTargetID = 28CAE7A61D3CBEB200BB4E6F;
					};
					28CAE7CA1D3CBEB300BB4E6F = {
						CreatedOnToolsVersion = 7.3;
						TestTargetID = 28CAE7A61D3CBEB200BB4E6F;
					};
				};
			};
			buildConfigurationList = 28CAE7A21D3CBEB200BB4E6F /* Build configuration list for PBXProject "Demo_RuntimeExchangeMethod" */;
			compatibilityVersion = "Xcode 3.2";
			developmentRegion = English;
			hasScannedForEncodings = 0;
			knownRegions = (
				en,
				Base,
			);
			mainGroup = 28CAE79E1D3CBEB200BB4E6F;
			productRefGroup = 28CAE7A81D3CBEB200BB4E6F /* Products */;
			projectDirPath = "";
			projectRoot = "";
			targets = (
				28CAE7A61D3CBEB200BB4E6F /* Demo_RuntimeExchangeMethod */,
				28CAE7BF1D3CBEB300BB4E6F /* Demo_RuntimeExchangeMethodTests */,
				28CAE7CA1D3CBEB300BB4E6F /* Demo_RuntimeExchangeMethodUITests */,
			);
		};
/* End PBXProject section */

/* Begin PBXResourcesBuildPhase section */
		28CAE7A51D3CBEB200BB4E6F /* Resources */ = {
			isa = PBXResourcesBuildPhase;
			buildActionMask = 2147483647;
			files = (
				28CAE7BA1D3CBEB200BB4E6F /* LaunchScreen.storyboard in Resources */,
				28CAE7B71D3CBEB200BB4E6F /* Assets.xcassets in Resources */,
				28CAE7B51D3CBEB200BB4E6F /* Main.storyboard in Resources */,
			);
			runOnlyForDeploymentPostprocessing = 0;
		};
		28CAE7BE1D3CBEB300BB4E6F /* Resources */ = {
			isa = PBXResourcesBuildPhase;
			buildActionMask = 2147483647;
			files = (
			);
			runOnlyForDeploymentPostprocessing = 0;
		};
		28CAE7C91D3CBEB300BB4E6F /* Resources */ = {
			isa = PBXResourcesBuildPhase;
			buildActionMask = 2147483647;
			files = (
			);
			runOnlyForDeploymentPostprocessing = 0;
		};
/* End PBXResourcesBuildPhase section */

/* Begin PBXSourcesBuildPhase section */
		28CAE7A31D3CBEB200BB4E6F /* Sources */ = {
			isa = PBXSourcesBuildPhase;
			buildActionMask = 2147483647;
			files = (
				28CAE7E61D3CBF6100BB4E6F /* UIViewController+viewDidLoad.m in Sources */,
				28CAE7B21D3CBEB200BB4E6F /* ViewController.m in Sources */,
				28CAE7AF1D3CBEB200BB4E6F /* AppDelegate.m in Sources */,
				28CAE7AC1D3CBEB200BB4E6F /* main.m in Sources */,
				28CAE7DF1D3CBEE900BB4E6F /* FirstViewController.m in Sources */,
			);
			runOnlyForDeploymentPostprocessing = 0;
		};
		28CAE7BC1D3CBEB300BB4E6F /* Sources */ = {
			isa = PBXSourcesBuildPhase;
			buildActionMask = 2147483647;
			files = (
				28CAE7C51D3CBEB300BB4E6F /* Demo_RuntimeExchangeMethodTests.m in Sources */,
			);
			runOnlyForDeploymentPostprocessing = 0;
		};
		28CAE7C71D3CBEB300BB4E6F /* Sources */ = {
			isa = PBXSourcesBuildPhase;
			buildActionMask = 2147483647;
			files = (
				28CAE7D01D3CBEB300BB4E6F /* Demo_RuntimeExchangeMethodUITests.m in Sources */,
			);
			runOnlyForDeploymentPostprocessing = 0;
		};
/* End PBXSourcesBuildPhase section */

/* Begin PBXTargetDependency section */
		28CAE7C21D3CBEB300BB4E6F /* PBXTargetDependency */ = {
			isa = PBXTargetDependency;
			target = 28CAE7A61D3CBEB200BB4E6F /* Demo_RuntimeExchangeMethod */;
			targetProxy = 28CAE7C11D3CBEB300BB4E6F /* PBXContainerItemProxy */;
		};
		28CAE7CD1D3CBEB300BB4E6F /* PBXTargetDependency */ = {
			isa = PBXTargetDependency;
			target = 28CAE7A61D3CBEB200BB4E6F /* Demo_RuntimeExchangeMethod */;
			targetProxy = 28CAE7CC1D3CBEB300BB4E6F /* PBXContainerItemProxy */;
		};
/* End PBXTargetDependency section */

/* Begin PBXVariantGroup section */
		28CAE7B31D3CBEB200BB4E6F /* Main.storyboard */ = {
			isa = PBXVariantGroup;
			children = (
				28CAE7B41D3CBEB200BB4E6F /* Base */,
			);
			name = Main.storyboard;
			sourceTree = "<group>";
		};
		28CAE7B81D3CBEB200BB4E6F /* LaunchScreen.storyboard */ = {
			isa = PBXVariantGroup;
			children = (
				28CAE7B91D3CBEB200BB4E6F /* Base */,
			);
			name = LaunchScreen.storyboard;
			sourceTree = "<group>";
		};
/* End PBXVariantGroup section */

/* Begin XCBuildConfiguration section */
		28CAE7D21D3CBEB300BB4E6F /* Debug */ = {
			isa = XCBuildConfiguration;
			buildSettings = {
				ALWAYS_SEARCH_USER_PATHS = NO;
				CLANG_ANALYZER_NONNULL = YES;
				CLANG_CXX_LANGUAGE_STANDARD = "gnu++0x";
				CLANG_CXX_LIBRARY = "libc++";
				CLANG_ENABLE_MODULES = YES;
				CLANG_ENABLE_OBJC_ARC = YES;
				CLANG_WARN_BOOL_CONVERSION = YES;
				CLANG_WARN_CONSTANT_CONVERSION = YES;
				CLANG_WARN_DIRECT_OBJC_ISA_USAGE = YES_ERROR;
				CLANG_WARN_EMPTY_BODY = YES;
				CLANG_WARN_ENUM_CONVERSION = YES;
				CLANG_WARN_INT_CONVERSION = YES;
				CLANG_WARN_OBJC_ROOT_CLASS = YES_ERROR;
				CLANG_WARN_UNREACHABLE_CODE = YES;
				CLANG_WARN__DUPLICATE_METHOD_MATCH = YES;
				"CODE_SIGN_IDENTITY[sdk=iphoneos*]" = "iPhone Developer";
				COPY_PHASE_STRIP = NO;
				DEBUG_INFORMATION_FORMAT = dwarf;
				ENABLE_STRICT_OBJC_MSGSEND = YES;
				ENABLE_TESTABILITY = YES;
				GCC_C_LANGUAGE_STANDARD = gnu99;
				GCC_DYNAMIC_NO_PIC = NO;
				GCC_NO_COMMON_BLOCKS = YES;
				GCC_OPTIMIZATION_LEVEL = 0;
				GCC_PREPROCESSOR_DEFINITIONS = (
					"DEBUG=1",
					"$(inherited)",
				);
				GCC_WARN_64_TO_32_BIT_CONVERSION = YES;
				GCC_WARN_ABOUT_RETURN_TYPE = YES_ERROR;
				GCC_WARN_UNDECLARED_SELECTOR = YES;
				GCC_WARN_UNINITIALIZED_AUTOS = YES_AGGRESSIVE;
				GCC_WARN_UNUSED_FUNCTION = YES;
				GCC_WARN_UNUSED_VARIABLE = YES;
				IPHONEOS_DEPLOYMENT_TARGET = 9.3;
				MTL_ENABLE_DEBUG_INFO = YES;
				ONLY_ACTIVE_ARCH = YES;
				SDKROOT = iphoneos;
			};
			name = Debug;
		};
		28CAE7D31D3CBEB300BB4E6F /* Release */ = {
			isa = XCBuildConfiguration;
			buildSettings = {
				ALWAYS_SEARCH_USER_PATHS = NO;
				CLANG_ANALYZER_NONNULL = YES;
				CLANG_CXX_LANGUAGE_STANDARD = "gnu++0x";
				CLANG_CXX_LIBRARY = "libc++";
				CLANG_ENABLE_MODULES = YES;
				CLANG_ENABLE_OBJC_ARC = YES;
				CLANG_WARN_BOOL_CONVERSION = YES;
				CLANG_WARN_CONSTANT_CONVERSION = YES;
				CLANG_WARN_DIRECT_OBJC_ISA_USAGE = YES_ERROR;
				CLANG_WARN_EMPTY_BODY = YES;
				CLANG_WARN_ENUM_CONVERSION = YES;
				CLANG_WARN_INT_CONVERSION = YES;
				CLANG_WARN_OBJC_ROOT_CLASS = YES_ERROR;
				CLANG_WARN_UNREACHABLE_CODE = YES;
				CLANG_WARN__DUPLICATE_METHOD_MATCH = YES;
				"CODE_SIGN_IDENTITY[sdk=iphoneos*]" = "iPhone Developer";
				COPY_PHASE_STRIP = NO;
				DEBUG_INFORMATION_FORMAT = "dwarf-with-dsym";
				ENABLE_NS_ASSERTIONS = NO;
				ENABLE_STRICT_OBJC_MSGSEND = YES;
				GCC_C_LANGUAGE_STANDARD = gnu99;
				GCC_NO_COMMON_BLOCKS = YES;
				GCC_WARN_64_TO_32_BIT_CONVERSION = YES;
				GCC_WARN_ABOUT_RETURN_TYPE = YES_ERROR;
				GCC_WARN_UNDECLARED_SELECTOR = YES;
				GCC_WARN_UNINITIALIZED_AUTOS = YES_AGGRESSIVE;
				GCC_WARN_UNUSED_FUNCTION = YES;
				GCC_WARN_UNUSED_VARIABLE = YES;
				IPHONEOS_DEPLOYMENT_TARGET = 9.3;
				MTL_ENABLE_DEBUG_INFO = NO;
				SDKROOT = iphoneos;
				VALIDATE_PRODUCT = YES;
			};
			name = Release;
		};
		28CAE7D51D3CBEB300BB4E6F /* Debug */ = {
			isa = XCBuildConfiguration;
			buildSettings = {
				ASSETCATALOG_COMPILER_APPICON_NAME = AppIcon;
				INFOPLIST_FILE = Demo_RuntimeExchangeMethod/Info.plist;
				LD_RUNPATH_SEARCH_PATHS = "$(inherited) @executable_path/Frameworks";
				PRODUCT_BUNDLE_IDENTIFIER = "ihefe.hanrovey.com.Demo-RuntimeExchangeMethod";
				PRODUCT_NAME = "$(TARGET_NAME)";
			};
			name = Debug;
		};
		28CAE7D61D3CBEB300BB4E6F /* Release */ = {
			isa = XCBuildConfiguration;
			buildSettings = {
				ASSETCATALOG_COMPILER_APPICON_NAME = AppIcon;
				INFOPLIST_FILE = Demo_RuntimeExchangeMethod/Info.plist;
				LD_RUNPATH_SEARCH_PATHS = "$(inherited) @executable_path/Frameworks";
				PRODUCT_BUNDLE_IDENTIFIER = "ihefe.hanrovey.com.Demo-RuntimeExchangeMethod";
				PRODUCT_NAME = "$(TARGET_NAME)";
			};
			name = Release;
		};
		28CAE7D81D3CBEB300BB4E6F /* Debug */ = {
			isa = XCBuildConfiguration;
			buildSettings = {
				BUNDLE_LOADER = "$(TEST_HOST)";
				INFOPLIST_FILE = Demo_RuntimeExchangeMethodTests/Info.plist;
				LD_RUNPATH_SEARCH_PATHS = "$(inherited) @executable_path/Frameworks @loader_path/Frameworks";
				PRODUCT_BUNDLE_IDENTIFIER = "ihefe.hanrovey.com.Demo-RuntimeExchangeMethodTests";
				PRODUCT_NAME = "$(TARGET_NAME)";
				TEST_HOST = "$(BUILT_PRODUCTS_DIR)/Demo_RuntimeExchangeMethod.app/Demo_RuntimeExchangeMethod";
			};
			name = Debug;
		};
		28CAE7D91D3CBEB300BB4E6F /* Release */ = {
			isa = XCBuildConfiguration;
			buildSettings = {
				BUNDLE_LOADER = "$(TEST_HOST)";
				INFOPLIST_FILE = Demo_RuntimeExchangeMethodTests/Info.plist;
				LD_RUNPATH_SEARCH_PATHS = "$(inherited) @executable_path/Frameworks @loader_path/Frameworks";
				PRODUCT_BUNDLE_IDENTIFIER = "ihefe.hanrovey.com.Demo-RuntimeExchangeMethodTests";
				PRODUCT_NAME = "$(TARGET_NAME)";
				TEST_HOST = "$(BUILT_PRODUCTS_DIR)/Demo_RuntimeExchangeMethod.app/Demo_RuntimeExchangeMethod";
			};
			name = Release;
		};
		28CAE7DB1D3CBEB300BB4E6F /* Debug */ = {
			isa = XCBuildConfiguration;
			buildSettings = {
				INFOPLIST_FILE = Demo_RuntimeExchangeMethodUITests/Info.plist;
				LD_RUNPATH_SEARCH_PATHS = "$(inherited) @executable_path/Frameworks @loader_path/Frameworks";
				PRODUCT_BUNDLE_IDENTIFIER = "ihefe.hanrovey.com.Demo-RuntimeExchangeMethodUITests";
				PRODUCT_NAME = "$(TARGET_NAME)";
				TEST_TARGET_NAME = Demo_RuntimeExchangeMethod;
			};
			name = Debug;
		};
		28CAE7DC1D3CBEB300BB4E6F /* Release */ = {
			isa = XCBuildConfiguration;
			buildSettings = {
				INFOPLIST_FILE = Demo_RuntimeExchangeMethodUITests/Info.plist;
				LD_RUNPATH_SEARCH_PATHS = "$(inherited) @executable_path/Frameworks @loader_path/Frameworks";
				PRODUCT_BUNDLE_IDENTIFIER = "ihefe.hanrovey.com.Demo-RuntimeExchangeMethodUITests";
				PRODUCT_NAME = "$(TARGET_NAME)";
				TEST_TARGET_NAME = Demo_RuntimeExchangeMethod;
			};
			name = Release;
		};
/* End XCBuildConfiguration section */

/* Begin XCConfigurationList section */
		28CAE7A21D3CBEB200BB4E6F /* Build configuration list for PBXProject "Demo_RuntimeExchangeMethod" */ = {
			isa = XCConfigurationList;
			buildConfigurations = (
				28CAE7D21D3CBEB300BB4E6F /* Debug */,
				28CAE7D31D3CBEB300BB4E6F /* Release */,
			);
			defaultConfigurationIsVisible = 0;
			defaultConfigurationName = Release;
		};
		28CAE7D41D3CBEB300BB4E6F /* Build configuration list for PBXNativeTarget "Demo_RuntimeExchangeMethod" */ = {
			isa = XCConfigurationList;
			buildConfigurations = (
				28CAE7D51D3CBEB300BB4E6F /* Debug */,
				28CAE7D61D3CBEB300BB4E6F /* Release */,
			);
			defaultConfigurationIsVisible = 0;
		};
		28CAE7D71D3CBEB300BB4E6F /* Build configuration list for PBXNativeTarget "Demo_RuntimeExchangeMethodTests" */ = {
			isa = XCConfigurationList;
			buildConfigurations = (
				28CAE7D81D3CBEB300BB4E6F /* Debug */,
				28CAE7D91D3CBEB300BB4E6F /* Release */,
			);
			defaultConfigurationIsVisible = 0;
		};
		28CAE7DA1D3CBEB300BB4E6F /* Build configuration list for PBXNativeTarget "Demo_RuntimeExchangeMethodUITests" */ = {
			isa = XCConfigurationList;
			buildConfigurations = (
				28CAE7DB1D3CBEB300BB4E6F /* Debug */,
				28CAE7DC1D3CBEB300BB4E6F /* Release */,
			);
			defaultConfigurationIsVisible = 0;
		};
/* End XCConfigurationList section */
	};
	rootObject = 28CAE79F1D3CBEB200BB4E6F /* Project object */;
}
